// !$*UTF8*$!
{
	archiveVersion = 1;
	classes = {
	};
	objectVersion = 55;
	objects = {

/* Begin PBXBuildFile section */
		FAFA976827CFE66F00B0933B /* AppDelegate.swift in Sources */ = {isa = PBXBuildFile; fileRef = FAFA976727CFE66F00B0933B /* AppDelegate.swift */; };
		FAFA976A27CFE66F00B0933B /* SceneDelegate.swift in Sources */ = {isa = PBXBuildFile; fileRef = FAFA976927CFE66F00B0933B /* SceneDelegate.swift */; };
		FAFA976C27CFE66F00B0933B /* ViewController.swift in Sources */ = {isa = PBXBuildFile; fileRef = FAFA976B27CFE66F00B0933B /* ViewController.swift */; };
		FAFA977127CFE67300B0933B /* Assets.xcassets in Resources */ = {isa = PBXBuildFile; fileRef = FAFA977027CFE67300B0933B /* Assets.xcassets */; };
		FAFA977427CFE67300B0933B /* LaunchScreen.storyboard in Resources */ = {isa = PBXBuildFile; fileRef = FAFA977227CFE67300B0933B /* LaunchScreen.storyboard */; };
		FAFA977C27CFE71B00B0933B /* FeedViewController.swift in Sources */ = {isa = PBXBuildFile; fileRef = FAFA977B27CFE71B00B0933B /* FeedViewController.swift */; };
		FAFA977E27CFE73000B0933B /* InfoViewController.swift in Sources */ = {isa = PBXBuildFile; fileRef = FAFA977D27CFE73000B0933B /* InfoViewController.swift */; };
		FAFA978027CFE74300B0933B /* PostViewController.swift in Sources */ = {isa = PBXBuildFile; fileRef = FAFA977F27CFE74300B0933B /* PostViewController.swift */; };
		FAFA978227CFE75200B0933B /* ProfileViewController.swift in Sources */ = {isa = PBXBuildFile; fileRef = FAFA978127CFE75200B0933B /* ProfileViewController.swift */; };
		FAFA978527CFE78C00B0933B /* ProfileHeaderView.swift in Sources */ = {isa = PBXBuildFile; fileRef = FAFA978427CFE78C00B0933B /* ProfileHeaderView.swift */; };
/* End PBXBuildFile section */

/* Begin PBXFileReference section */
		FAFA976427CFE66F00B0933B /* Navigation_.app */ = {isa = PBXFileReference; explicitFileType = wrapper.application; includeInIndex = 0; path = Navigation_.app; sourceTree = BUILT_PRODUCTS_DIR; };
		FAFA976727CFE66F00B0933B /* AppDelegate.swift */ = {isa = PBXFileReference; lastKnownFileType = sourcecode.swift; path = AppDelegate.swift; sourceTree = "<group>"; };
		FAFA976927CFE66F00B0933B /* SceneDelegate.swift */ = {isa = PBXFileReference; lastKnownFileType = sourcecode.swift; path = SceneDelegate.swift; sourceTree = "<group>"; };
		FAFA976B27CFE66F00B0933B /* ViewController.swift */ = {isa = PBXFileReference; lastKnownFileType = sourcecode.swift; path = ViewController.swift; sourceTree = "<group>"; };
		FAFA977027CFE67300B0933B /* Assets.xcassets */ = {isa = PBXFileReference; lastKnownFileType = folder.assetcatalog; path = Assets.xcassets; sourceTree = "<group>"; };
		FAFA977327CFE67300B0933B /* Base */ = {isa = PBXFileReference; lastKnownFileType = file.storyboard; name = Base; path = Base.lproj/LaunchScreen.storyboard; sourceTree = "<group>"; };
		FAFA977527CFE67300B0933B /* Info.plist */ = {isa = PBXFileReference; lastKnownFileType = text.plist.xml; path = Info.plist; sourceTree = "<group>"; };
		FAFA977B27CFE71B00B0933B /* FeedViewController.swift */ = {isa = PBXFileReference; lastKnownFileType = sourcecode.swift; path = FeedViewController.swift; sourceTree = "<group>"; };
		FAFA977D27CFE73000B0933B /* InfoViewController.swift */ = {isa = PBXFileReference; lastKnownFileType = sourcecode.swift; path = InfoViewController.swift; sourceTree = "<group>"; };
		FAFA977F27CFE74300B0933B /* PostViewController.swift */ = {isa = PBXFileReference; lastKnownFileType = sourcecode.swift; path = PostViewController.swift; sourceTree = "<group>"; };
		FAFA978127CFE75200B0933B /* ProfileViewController.swift */ = {isa = PBXFileReference; lastKnownFileType = sourcecode.swift; path = ProfileViewController.swift; sourceTree = "<group>"; };
		FAFA978427CFE78C00B0933B /* ProfileHeaderView.swift */ = {isa = PBXFileReference; lastKnownFileType = sourcecode.swift; path = ProfileHeaderView.swift; sourceTree = "<group>"; };
/* End PBXFileReference section */

/* Begin PBXFrameworksBuildPhase section */
		FAFA976127CFE66F00B0933B /* Frameworks */ = {
			isa = PBXFrameworksBuildPhase;
			buildActionMask = 2147483647;
			files = (
			);
			runOnlyForDeploymentPostprocessing = 0;
		};
/* End PBXFrameworksBuildPhase section */

/* Begin PBXGroup section */
		FAFA975B27CFE66F00B0933B = {
			isa = PBXGroup;
			children = (
				FAFA976627CFE66F00B0933B /* Navigation_ */,
				FAFA976527CFE66F00B0933B /* Products */,
			);
			sourceTree = "<group>";
		};
		FAFA976527CFE66F00B0933B /* Products */ = {
			isa = PBXGroup;
			children = (
				FAFA976427CFE66F00B0933B /* Navigation_.app */,
			);
			name = Products;
			sourceTree = "<group>";
		};
		FAFA976627CFE66F00B0933B /* Navigation_ */ = {
			isa = PBXGroup;
			children = (
				FAFA978327CFE76000B0933B /* Profile */,
				FAFA976727CFE66F00B0933B /* AppDelegate.swift */,
				FAFA976927CFE66F00B0933B /* SceneDelegate.swift */,
				FAFA976B27CFE66F00B0933B /* ViewController.swift */,
				FAFA977027CFE67300B0933B /* Assets.xcassets */,
				FAFA977227CFE67300B0933B /* LaunchScreen.storyboard */,
				FAFA977527CFE67300B0933B /* Info.plist */,
				FAFA977B27CFE71B00B0933B /* FeedViewController.swift */,
				FAFA977D27CFE73000B0933B /* InfoViewController.swift */,
				FAFA977F27CFE74300B0933B /* PostViewController.swift */,
			);
			path = Navigation_;
			sourceTree = "<group>";
		};
		FAFA978327CFE76000B0933B /* Profile */ = {
			isa = PBXGroup;
			children = (
				FAFA978127CFE75200B0933B /* ProfileViewController.swift */,
				FAFA978427CFE78C00B0933B /* ProfileHeaderView.swift */,
			);
			path = Profile;
			sourceTree = "<group>";
		};
/* End PBXGroup section */

/* Begin PBXNativeTarget section */
		FAFA976327CFE66F00B0933B /* Navigation_ */ = {
			isa = PBXNativeTarget;
			buildConfigurationList = FAFA977827CFE67300B0933B /* Build configuration list for PBXNativeTarget "Navigation_" */;
			buildPhases = (
				FAFA976027CFE66F00B0933B /* Sources */,
				FAFA976127CFE66F00B0933B /* Frameworks */,
				FAFA976227CFE66F00B0933B /* Resources */,
			);
			buildRules = (
			);
			dependencies = (
			);
			name = Navigation_;
			productName = Navigation_;
			productReference = FAFA976427CFE66F00B0933B /* Navigation_.app */;
			productType = "com.apple.product-type.application";
		};
/* End PBXNativeTarget section */

/* Begin PBXProject section */
		FAFA975C27CFE66F00B0933B /* Project object */ = {
			isa = PBXProject;
			attributes = {
				BuildIndependentTargetsInParallel = 1;
				LastSwiftUpdateCheck = 1300;
				LastUpgradeCheck = 1300;
				TargetAttributes = {
					FAFA976327CFE66F00B0933B = {
						CreatedOnToolsVersion = 13.0;
					};
				};
			};
			buildConfigurationList = FAFA975F27CFE66F00B0933B /* Build configuration list for PBXProject "Navigation_" */;
			compatibilityVersion = "Xcode 13.0";
			developmentRegion = en;
			hasScannedForEncodings = 0;
			knownRegions = (
				en,
				Base,
			);
			mainGroup = FAFA975B27CFE66F00B0933B;
			productRefGroup = FAFA976527CFE66F00B0933B /* Products */;
			projectDirPath = "";
			projectRoot = "";
			targets = (
				FAFA976327CFE66F00B0933B /* Navigation_ */,
			);
		};
/* End PBXProject section */

/* Begin PBXResourcesBuildPhase section */
		FAFA976227CFE66F00B0933B /* Resources */ = {
			isa = PBXResourcesBuildPhase;
			buildActionMask = 2147483647;
			files = (
				FAFA977427CFE67300B0933B /* LaunchScreen.storyboard in Resources */,
				FAFA977127CFE67300B0933B /* Assets.xcassets in Resources */,
			);
			runOnlyForDeploymentPostprocessing = 0;
		};
/* End PBXResourcesBuildPhase section */

/* Begin PBXSourcesBuildPhase section */
		FAFA976027CFE66F00B0933B /* Sources */ = {
			isa = PBXSourcesBuildPhase;
			buildActionMask = 2147483647;
			files = (
				FAFA978027CFE74300B0933B /* PostViewController.swift in Sources */,
				FAFA976C27CFE66F00B0933B /* ViewController.swift in Sources */,
				FAFA976827CFE66F00B0933B /* AppDelegate.swift in Sources */,
				FAFA977C27CFE71B00B0933B /* FeedViewController.swift in Sources */,
				FAFA978227CFE75200B0933B /* ProfileViewController.swift in Sources */,
				FAFA976A27CFE66F00B0933B /* SceneDelegate.swift in Sources */,
				FAFA977E27CFE73000B0933B /* InfoViewController.swift in Sources */,
				FAFA978527CFE78C00B0933B /* ProfileHeaderView.swift in Sources */,
			);
			runOnlyForDeploymentPostprocessing = 0;
		};
/* End PBXSourcesBuildPhase section */

/* Begin PBXVariantGroup section */
		FAFA977227CFE67300B0933B /* LaunchScreen.storyboard */ = {
			isa = PBXVariantGroup;
			children = (
				FAFA977327CFE67300B0933B /* Base */,
			);
			name = LaunchScreen.storyboard;
			sourceTree = "<group>";
		};
/* End PBXVariantGroup section */

/* Begin XCBuildConfiguration section */
		FAFA977627CFE67300B0933B /* Debug */ = {
			isa = XCBuildConfiguration;
			buildSettings = {
				ALWAYS_SEARCH_USER_PATHS = NO;
				CLANG_ANALYZER_NONNULL = YES;
				CLANG_ANALYZER_NUMBER_OBJECT_CONVERSION = YES_AGGRESSIVE;
				CLANG_CXX_LANGUAGE_STANDARD = "gnu++17";
				CLANG_CXX_LIBRARY = "libc++";
				CLANG_ENABLE_MODULES = YES;
				CLANG_ENABLE_OBJC_ARC = YES;
				CLANG_ENABLE_OBJC_WEAK = YES;
				CLANG_WARN_BLOCK_CAPTURE_AUTORELEASING = YES;
				CLANG_WARN_BOOL_CONVERSION = YES;
				CLANG_WARN_COMMA = YES;
				CLANG_WARN_CONSTANT_CONVERSION = YES;
				CLANG_WARN_DEPRECATED_OBJC_IMPLEMENTATIONS = YES;
				CLANG_WARN_DIRECT_OBJC_ISA_USAGE = YES_ERROR;
				CLANG_WARN_DOCUMENTATION_COMMENTS = YES;
				CLANG_WARN_EMPTY_BODY = YES;
				CLANG_WARN_ENUM_CONVERSION = YES;
				CLANG_WARN_INFINITE_RECURSION = YES;
				CLANG_WARN_INT_CONVERSION = YES;
				CLANG_WARN_NON_LITERAL_NULL_CONVERSION = YES;
				CLANG_WARN_OBJC_IMPLICIT_RETAIN_SELF = YES;
				CLANG_WARN_OBJC_LITERAL_CONVERSION = YES;
				CLANG_WARN_OBJC_ROOT_CLASS = YES_ERROR;
				CLANG_WARN_QUOTED_INCLUDE_IN_FRAMEWORK_HEADER = YES;
				CLANG_WARN_RANGE_LOOP_ANALYSIS = YES;
				CLANG_WARN_STRICT_PROTOTYPES = YES;
				CLANG_WARN_SUSPICIOUS_MOVE = YES;
				CLANG_WARN_UNGUARDED_AVAILABILITY = YES_AGGRESSIVE;
				CLANG_WARN_UNREACHABLE_CODE = YES;
				CLANG_WARN__DUPLICATE_METHOD_MATCH = YES;
				COPY_PHASE_STRIP = NO;
				DEBUG_INFORMATION_FORMAT = dwarf;
				ENABLE_STRICT_OBJC_MSGSEND = YES;
				ENABLE_TESTABILITY = YES;
				GCC_C_LANGUAGE_STANDARD = gnu11;
				GCC_DYNAMIC_NO_PIC = NO;
				GCC_NO_COMMON_BLOCKS = YES;
				GCC_OPTIMIZATION_LEVEL = 0;
				GCC_PREPROCESSOR_DEFINITIONS = (
					"DEBUG=1",
					"$(inherited)",
				);
				GCC_WARN_64_TO_32_BIT_CONVERSION = YES;
				GCC_WARN_ABOUT_RETURN_TYPE = YES_ERROR;
				GCC_WARN_UNDECLARED_SELECTOR = YES;
				GCC_WARN_UNINITIALIZED_AUTOS = YES_AGGRESSIVE;
				GCC_WARN_UNUSED_FUNCTION = YES;
				GCC_WARN_UNUSED_VARIABLE = YES;
				IPHONEOS_DEPLOYMENT_TARGET = 15.0;
				MTL_ENABLE_DEBUG_INFO = INCLUDE_SOURCE;
				MTL_FAST_MATH = YES;
				ONLY_ACTIVE_ARCH = YES;
				SDKROOT = iphoneos;
				SWIFT_ACTIVE_COMPILATION_CONDITIONS = DEBUG;
				SWIFT_OPTIMIZATION_LEVEL = "-Onone";
			};
			name = Debug;
		};
		FAFA977727CFE67300B0933B /* Release */ = {
			isa = XCBuildConfiguration;
			buildSettings = {
				ALWAYS_SEARCH_USER_PATHS = NO;
				CLANG_ANALYZER_NONNULL = YES;
				CLANG_ANALYZER_NUMBER_OBJECT_CONVERSION = YES_AGGRESSIVE;
				CLANG_CXX_LANGUAGE_STANDARD = "gnu++17";
				CLANG_CXX_LIBRARY = "libc++";
				CLANG_ENABLE_MODULES = YES;
				CLANG_ENABLE_OBJC_ARC = YES;
				CLANG_ENABLE_OBJC_WEAK = YES;
				CLANG_WARN_BLOCK_CAPTURE_AUTORELEASING = YES;
				CLANG_WARN_BOOL_CONVERSION = YES;
				CLANG_WARN_COMMA = YES;
				CLANG_WARN_CONSTANT_CONVERSION = YES;
				CLANG_WARN_DEPRECATED_OBJC_IMPLEMENTATIONS = YES;
				CLANG_WARN_DIRECT_OBJC_ISA_USAGE = YES_ERROR;
				CLANG_WARN_DOCUMENTATION_COMMENTS = YES;
				CLANG_WARN_EMPTY_BODY = YES;
				CLANG_WARN_ENUM_CONVERSION = YES;
				CLANG_WARN_INFINITE_RECURSION = YES;
				CLANG_WARN_INT_CONVERSION = YES;
				CLANG_WARN_NON_LITERAL_NULL_CONVERSION = YES;
				CLANG_WARN_OBJC_IMPLICIT_RETAIN_SELF = YES;
				CLANG_WARN_OBJC_LITERAL_CONVERSION = YES;
				CLANG_WARN_OBJC_ROOT_CLASS = YES_ERROR;
				CLANG_WARN_QUOTED_INCLUDE_IN_FRAMEWORK_HEADER = YES;
				CLANG_WARN_RANGE_LOOP_ANALYSIS = YES;
				CLANG_WARN_STRICT_PROTOTYPES = YES;
				CLANG_WARN_SUSPICIOUS_MOVE = YES;
				CLANG_WARN_UNGUARDED_AVAILABILITY = YES_AGGRESSIVE;
				CLANG_WARN_UNREACHABLE_CODE = YES;
				CLANG_WARN__DUPLICATE_METHOD_MATCH = YES;
				COPY_PHASE_STRIP = NO;
				DEBUG_INFORMATION_FORMAT = "dwarf-with-dsym";
				ENABLE_NS_ASSERTIONS = NO;
				ENABLE_STRICT_OBJC_MSGSEND = YES;
				GCC_C_LANGUAGE_STANDARD = gnu11;
				GCC_NO_COMMON_BLOCKS = YES;
				GCC_WARN_64_TO_32_BIT_CONVERSION = YES;
				GCC_WARN_ABOUT_RETURN_TYPE = YES_ERROR;
				GCC_WARN_UNDECLARED_SELECTOR = YES;
				GCC_WARN_UNINITIALIZED_AUTOS = YES_AGGRESSIVE;
				GCC_WARN_UNUSED_FUNCTION = YES;
				GCC_WARN_UNUSED_VARIABLE = YES;
				IPHONEOS_DEPLOYMENT_TARGET = 15.0;
				MTL_ENABLE_DEBUG_INFO = NO;
				MTL_FAST_MATH = YES;
				SDKROOT = iphoneos;
				SWIFT_COMPILATION_MODE = wholemodule;
				SWIFT_OPTIMIZATION_LEVEL = "-O";
				VALIDATE_PRODUCT = YES;
			};
			name = Release;
		};
		FAFA977927CFE67300B0933B /* Debug */ = {
			isa = XCBuildConfiguration;
			buildSettings = {
				ASSETCATALOG_COMPILER_APPICON_NAME = AppIcon;
				ASSETCATALOG_COMPILER_GLOBAL_ACCENT_COLOR_NAME = AccentColor;
				CODE_SIGN_STYLE = Automatic;
				CURRENT_PROJECT_VERSION = 1;
				GENERATE_INFOPLIST_FILE = YES;
				INFOPLIST_FILE = Navigation_/Info.plist;
				INFOPLIST_KEY_UIApplicationSupportsIndirectInputEvents = YES;
				INFOPLIST_KEY_UILaunchStoryboardName = LaunchScreen;
				INFOPLIST_KEY_UISupportedInterfaceOrientations_iPad = "UIInterfaceOrientationPortrait UIInterfaceOrientationPortraitUpsideDown UIInterfaceOrientationLandscapeLeft UIInterfaceOrientationLandscapeRight";
				INFOPLIST_KEY_UISupportedInterfaceOrientations_iPhone = "UIInterfaceOrientationPortrait UIInterfaceOrientationLandscapeLeft UIInterfaceOrientationLandscapeRight";
				LD_RUNPATH_SEARCH_PATHS = (
					"$(inherited)",
					"@executable_path/Frameworks",
				);
				MARKETING_VERSION = 1.0;
				PRODUCT_BUNDLE_IDENTIFIER = "ios-18.Navigation-";
				PRODUCT_NAME = "$(TARGET_NAME)";
				SWIFT_EMIT_LOC_STRINGS = YES;
				SWIFT_VERSION = 5.0;
				TARGETED_DEVICE_FAMILY = "1,2";
			};
			name = Debug;
		};
		FAFA977A27CFE67300B0933B /* Release */ = {
			isa = XCBuildConfiguration;
			buildSettings = {
				ASSETCATALOG_COMPILER_APPICON_NAME = AppIcon;
				ASSETCATALOG_COMPILER_GLOBAL_ACCENT_COLOR_NAME = AccentColor;
				CODE_SIGN_STYLE = Automatic;
				CURRENT_PROJECT_VERSION = 1;
				GENERATE_INFOPLIST_FILE = YES;
				INFOPLIST_FILE = Navigation_/Info.plist;
				INFOPLIST_KEY_UIApplicationSupportsIndirectInputEvents = YES;
				INFOPLIST_KEY_UILaunchStoryboardName = LaunchScreen;
				INFOPLIST_KEY_UISupportedInterfaceOrientations_iPad = "UIInterfaceOrientationPortrait UIInterfaceOrientationPortraitUpsideDown UIInterfaceOrientationLandscapeLeft UIInterfaceOrientationLandscapeRight";
				INFOPLIST_KEY_UISupportedInterfaceOrientations_iPhone = "UIInterfaceOrientationPortrait UIInterfaceOrientationLandscapeLeft UIInterfaceOrientationLandscapeRight";
				LD_RUNPATH_SEARCH_PATHS = (
					"$(inherited)",
					"@executable_path/Frameworks",
				);
				MARKETING_VERSION = 1.0;
				PRODUCT_BUNDLE_IDENTIFIER = "ios-18.Navigation-";
				PRODUCT_NAME = "$(TARGET_NAME)";
				SWIFT_EMIT_LOC_STRINGS = YES;
				SWIFT_VERSION = 5.0;
				TARGETED_DEVICE_FAMILY = "1,2";
			};
			name = Release;
		};
/* End XCBuildConfiguration section */

/* Begin XCConfigurationList section */
		FAFA975F27CFE66F00B0933B /* Build configuration list for PBXProject "Navigation_" */ = {
			isa = XCConfigurationList;
			buildConfigurations = (
				FAFA977627CFE67300B0933B /* Debug */,
				FAFA977727CFE67300B0933B /* Release */,
			);
			defaultConfigurationIsVisible = 0;
			defaultConfigurationName = Release;
		};
		FAFA977827CFE67300B0933B /* Build configuration list for PBXNativeTarget "Navigation_" */ = {
			isa = XCConfigurationList;
			buildConfigurations = (
				FAFA977927CFE67300B0933B /* Debug */,
				FAFA977A27CFE67300B0933B /* Release */,
			);
			defaultConfigurationIsVisible = 0;
			defaultConfigurationName = Release;
		};
/* End XCConfigurationList section */
	};
	rootObject = FAFA975C27CFE66F00B0933B /* Project object */;
}
